{
  "lockfileVersion": 2,
  "configVersion": 0,
  "workspaces": {
    "": {
      "name": "all-api",
      "dependencies": {
        "dotenv": "^16.4.5",
        "wreq-js": "^3.2.0",
      },
    },
  },
  "packages": {
    "@wreq-js/binding-android-arm64": ["@wreq-js/binding-android-arm64@3.2.0", "", { "os": "android", "cpu": "arm64" }, "sha512-PRsy18Z+0fftLeDvFTQwpgdepihRk6oVzdQWt92hEdarI7DexhgDJvvZfDsylMp7GDfsys9sFks8nIAi4n7eKQ=="],

    "@wreq-js/binding-darwin-arm64": ["@wreq-js/binding-darwin-arm64@3.2.0", "", { "os": "darwin", "cpu": "arm64" }, "sha512-TGbgqj7YKp6m2p79hyLtTBatKgU8SKEVL5e903KGSeSDKkLbgk8knFoZ2MakhJnlqKZhvLPCNLT7A3AStwIoHQ=="],

    "@wreq-js/binding-darwin-x64": ["@wreq-js/binding-darwin-x64@3.2.0", "", { "os": "darwin", "cpu": "x64" }, "sha512-89JkGsik49nUcQR7HfO6M+Na3whkhAQBghVFWn+vGmz32RzTX+HVy6q7wThjN+XGT+xvn9ZQpzTie3B292S50g=="],

    "@wreq-js/binding-linux-arm64-gnu": ["@wreq-js/binding-linux-arm64-gnu@3.2.0", "", { "os": "linux", "cpu": "arm64" }, "sha512-WXqMK7AtOxMJAdwDpnAdDq0NZqf6wuRucKCQWQSLdSTUyTEuGo2anRkUsZwqvHbLrkWCTXNfl1hAfA+wIk/4kw=="],

    "@wreq-js/binding-linux-arm64-musl": ["@wreq-js/binding-linux-arm64-musl@3.2.0", "", { "os": "linux", "cpu": "arm64" }, "sha512-YSMWs3BNBCNhWvIAUHWyp2K/L17qxfaRTl+t97ykOIOIKZSduNYZn/Yn3hTNtpbdfrTmNMG9pltEcbixFKS4xQ=="],

    "@wreq-js/binding-linux-x64-gnu": ["@wreq-js/binding-linux-x64-gnu@3.2.0", "", { "os": "linux", "cpu": "x64" }, "sha512-6N7C1uc1qieM23rdKR5k07hfS50hVFExVHzLhHiWbmk9NyqBj0xyj2Mh5ThIrvz/or/6Pe79P8D7UWbl4aJTkw=="],

    "@wreq-js/binding-linux-x64-musl": ["@wreq-js/binding-linux-x64-musl@3.2.0", "", { "os": "linux", "cpu": "x64" }, "sha512-0h0xJsmhVlmh+vHs9dYMIp5lpkKGNZrSedkl2Mh9XmR5slBahTcHT7oEEclhV+aNcY3V2Afmmqfil5huL+yDpA=="],

    "@wreq-js/binding-win32-arm64-msvc": ["@wreq-js/binding-win32-arm64-msvc@3.2.0", "", { "os": "win32", "cpu": "arm64" }, "sha512-6bfaVFfbI61s5YLgQL+43uURk/VuOu7TPlUwY1l0Q9yJdWzD+Jpdokgl5cEiY2a0FEAw8Q4LqPI+XZT3YAMnQA=="],

    "@wreq-js/binding-win32-x64-msvc": ["@wreq-js/binding-win32-x64-msvc@3.2.0", "", { "os": "win32", "cpu": "x64" }, "sha512-w4aktLElPgBXkWC/v9Ti9np6jBjYOzIyqmzgT41V/zuDq/V+V7s/13f9OzcX5hObH2WOpajo0KeljTJ2aRExNQ=="],

    "dotenv": ["dotenv@16.6.1", "", {}, "sha512-uBq4egWHTcTt33a72vpSG0z3HnPuIl6NqYcTrKEg2azoEyl2hpW0zqlxysq2pK9HlDIHyHyakeYaYnSAwd8bow=="],

    "wreq-js": ["wreq-js@3.2.0", "", { "optionalDependencies": { "@wreq-js/binding-android-arm64": "3.2.0", "@wreq-js/binding-darwin-arm64": "3.2.0", "@wreq-js/binding-darwin-x64": "3.2.0", "@wreq-js/binding-linux-arm64-gnu": "3.2.0", "@wreq-js/binding-linux-arm64-musl": "3.2.0", "@wreq-js/binding-linux-x64-gnu": "3.2.0", "@wreq-js/binding-linux-x64-musl": "3.2.0", "@wreq-js/binding-win32-arm64-msvc": "3.2.0", "@wreq-js/binding-win32-x64-msvc": "3.2.0" } }, "sha512-dawhEbhvd5hxivKZSvv/mAQGO3mwZYESyctOvIIZ/H3DvQJzUM2UoFQsij0fg7hIClQ/GEQgg+2259UcFwhpMQ=="],
  }
}
